
Microsoft Visual Studio Solution File, Format Version 11.00
# Visual Studio 2010
Project("{FAE04EC0-301F-11D3-BF4B-00C04F79EFBC}") = "Daily Programmer Easy Challenge 214", "Daily Programmer Easy Challenge 214\Daily Programmer Easy Challenge 214.csproj", "{A6EDCA19-BEB1-4750-932A-2D227D925610}"
EndProject
Global
	GlobalSection(SolutionConfigurationPlatforms) = preSolution
		Debug|x86 = Debug|x86
		Release|x86 = Release|x86
	EndGlobalSection
	GlobalSection(ProjectConfigurationPlatforms) = postSolution
		{A6EDCA19-BEB1-4750-932A-2D227D925610}.Debug|x86.ActiveCfg = Debug|x86
		{A6EDCA19-BEB1-4750-932A-2D227D925610}.Debug|x86.Build.0 = Debug|x86
		{A6EDCA19-BEB1-4750-932A-2D227D925610}.Release|x86.ActiveCfg = Release|x86
		{A6EDCA19-BEB1-4750-932A-2D227D925610}.Release|x86.Build.0 = Release|x86
	EndGlobalSection
	GlobalSection(SolutionProperties) = preSolution
		HideSolutionNode = FALSE
	EndGlobalSection
EndGlobal
